
Microsoft Visual Studio Solution File, Format Version 12.00
# Visual Studio 15
VisualStudioVersion = 15.0.28307.489
MinimumVisualStudioVersion = 10.0.40219.1
Project("{2150E333-8FDC-42A3-9474-1A3956D46DE8}") = "Solution Items", "Solution Items", "{6A3B0892-B8EE-41D0-86AD-9F48AA0C105D}"
	ProjectSection(SolutionItems) = preProject
		..\readme.md = ..\readme.md
	EndProjectSection
EndProject
Project("{FAE04EC0-301F-11D3-BF4B-00C04F79EFBC}") = "MyApp", "MyApp\MyApp.csproj", "{B3FBE2BD-4003-4E1A-83D8-ED9A3C23129A}"
EndProject
Project("{FAE04EC0-301F-11D3-BF4B-00C04F79EFBC}") = "Libs.Common", "Libs.Common\Libs.Common.csproj", "{2CF015CF-A11F-427A-863F-B0EE0A6FAFF1}"
EndProject
Project("{FAE04EC0-301F-11D3-BF4B-00C04F79EFBC}") = "Libs.Res", "Libs.Res\Libs.Res.csproj", "{03A57B4D-43E0-41C3-AD43-5566C4B5B2F8}"
EndProject
Global
	GlobalSection(SolutionConfigurationPlatforms) = preSolution
		Debug|Any CPU = Debug|Any CPU
		Release|Any CPU = Release|Any CPU
	EndGlobalSection
	GlobalSection(ProjectConfigurationPlatforms) = postSolution
		{B3FBE2BD-4003-4E1A-83D8-ED9A3C23129A}.Debug|Any CPU.ActiveCfg = Debug|Any CPU
		{B3FBE2BD-4003-4E1A-83D8-ED9A3C23129A}.Debug|Any CPU.Build.0 = Debug|Any CPU
		{B3FBE2BD-4003-4E1A-83D8-ED9A3C23129A}.Release|Any CPU.ActiveCfg = Release|Any CPU
		{B3FBE2BD-4003-4E1A-83D8-ED9A3C23129A}.Release|Any CPU.Build.0 = Release|Any CPU
		{2CF015CF-A11F-427A-863F-B0EE0A6FAFF1}.Debug|Any CPU.ActiveCfg = Debug|Any CPU
		{2CF015CF-A11F-427A-863F-B0EE0A6FAFF1}.Debug|Any CPU.Build.0 = Debug|Any CPU
		{2CF015CF-A11F-427A-863F-B0EE0A6FAFF1}.Release|Any CPU.ActiveCfg = Release|Any CPU
		{2CF015CF-A11F-427A-863F-B0EE0A6FAFF1}.Release|Any CPU.Build.0 = Release|Any CPU
		{03A57B4D-43E0-41C3-AD43-5566C4B5B2F8}.Debug|Any CPU.ActiveCfg = Debug|Any CPU
		{03A57B4D-43E0-41C3-AD43-5566C4B5B2F8}.Debug|Any CPU.Build.0 = Debug|Any CPU
		{03A57B4D-43E0-41C3-AD43-5566C4B5B2F8}.Release|Any CPU.ActiveCfg = Release|Any CPU
		{03A57B4D-43E0-41C3-AD43-5566C4B5B2F8}.Release|Any CPU.Build.0 = Release|Any CPU
	EndGlobalSection
	GlobalSection(SolutionProperties) = preSolution
		HideSolutionNode = FALSE
	EndGlobalSection
	GlobalSection(ExtensibilityGlobals) = postSolution
		SolutionGuid = {95343649-B552-4BEC-967C-E87FB9496367}
	EndGlobalSection
EndGlobal
